# THIS IS AN AUTOGENERATED FILE. DO NOT EDIT THIS FILE DIRECTLY.
# yarn lockfile v1


"@actions/core@^1.2.6":
  version "1.2.6"
  resolved "https://registry.yarnpkg.com/@actions/core/-/core-1.2.6.tgz#a78d49f41a4def18e88ce47c2cac615d5694bf09"
  integrity sha512-ZQYitnqiyBc3D+k7LsgSBmMDVkOVidaagDG7j3fOym77jNunWRuYx7VSHa9GNfFZh+zh61xsCjRj4JxMZlDqTA==

"@sentry/core@6.2.5":
  version "6.2.5"
  resolved "https://registry.yarnpkg.com/@sentry/core/-/core-6.2.5.tgz#e75093f8598becc0a4a0be927f32f7ac49e8588f"
  integrity sha512-I+AkgIFO6sDUoHQticP6I27TT3L+i6TUS03in3IEtpBcSeP2jyhlxI8l/wdA7gsBqUPdQ4GHOOaNgtFIcr8qag==
  dependencies:
    "@sentry/hub" "6.2.5"
    "@sentry/minimal" "6.2.5"
    "@sentry/types" "6.2.5"
    "@sentry/utils" "6.2.5"
    tslib "^1.9.3"

"@sentry/hub@6.2.5":
  version "6.2.5"
  resolved "https://registry.yarnpkg.com/@sentry/hub/-/hub-6.2.5.tgz#324cae0c90d736cd1032e94104bf3f18becec4d6"
  integrity sha512-YlEFdEhcfqpl2HC+/dWXBsBJEljyMzFS7LRRjCk8QANcOdp9PhwQjwebUB4/ulOBjHPP2WZk7fBBd/IKDasTUg==
  dependencies:
    "@sentry/types" "6.2.5"
    "@sentry/utils" "6.2.5"
    tslib "^1.9.3"

"@sentry/minimal@6.2.5":
  version "6.2.5"
  resolved "https://registry.yarnpkg.com/@sentry/minimal/-/minimal-6.2.5.tgz#3e963e868bfa68e97581403521fd4e09a8965b02"
  integrity sha512-RKP4Qx3p7Cv0oX1cPKAkNVFYM7p2k1t32cNk1+rrVQS4hwlJ7Eg6m6fsqsO+85jd6Ne/FnyYsfo9cDD3ImTlWQ==
  dependencies:
    "@sentry/hub" "6.2.5"
    "@sentry/types" "6.2.5"
    tslib "^1.9.3"

"@sentry/node@^6.2.5":
  version "6.2.5"
  resolved "https://registry.yarnpkg.com/@sentry/node/-/node-6.2.5.tgz#6e6694c0c3ce6ca231710f40da0cac7fd5c645ef"
  integrity sha512-/iM3khzGnUH713VFhZBAEYJhb/saEQSVz7Udogml+O7mFQ4rutnwJhgoGcB9YYrwMv2m7qOSszkdZbemDV6k2g==
  dependencies:
    "@sentry/core" "6.2.5"
    "@sentry/hub" "6.2.5"
    "@sentry/tracing" "6.2.5"
    "@sentry/types" "6.2.5"
    "@sentry/utils" "6.2.5"
    cookie "^0.4.1"
    https-proxy-agent "^5.0.0"
    lru_map "^0.3.3"
    tslib "^1.9.3"

"@sentry/tracing@6.2.5", "@sentry/tracing@^6.2.5":
  version "6.2.5"
  resolved "https://registry.yarnpkg.com/@sentry/tracing/-/tracing-6.2.5.tgz#3f5dadfdccdb5c1fb2eef68458c7c34329b0a34a"
  integrity sha512-j/hM0BoHxfrNLxPeEJ5Vq4R34hO/TOHMEpLR3FdnunBXbsmjoKMMygIkPxnpML5XWtvukAehbwpDXldwMYz83w==
  dependencies:
    "@sentry/hub" "6.2.5"
    "@sentry/minimal" "6.2.5"
    "@sentry/types" "6.2.5"
    "@sentry/utils" "6.2.5"
    tslib "^1.9.3"

"@sentry/types@6.2.5":
  version "6.2.5"
  resolved "https://registry.yarnpkg.com/@sentry/types/-/types-6.2.5.tgz#34b75285b149e0b9bc5fd54fcc2c445d978c7f2e"
  integrity sha512-1Sux6CLYrV9bETMsGP/HuLFLouwKoX93CWzG8BjMueW+Di0OGxZphYjXrGuDs8xO8bAKEVGCHgVQdcB2jevS0w==

"@sentry/utils@6.2.5":
  version "6.2.5"
  resolved "https://registry.yarnpkg.com/@sentry/utils/-/utils-6.2.5.tgz#be90d056b09ed1216097d7a29e3e81ba39238e1b"
  integrity sha512-fJoLUZHrd5MPylV1dT4qL74yNFDl1Ur/dab+pKNSyvnHPnbZ/LRM7aJ8VaRY/A7ZdpRowU+E14e/Yeem2c6gtQ==
  dependencies:
    "@sentry/types" "6.2.5"
    tslib "^1.9.3"

"@types/node@^14.14.37":
  version "14.14.37"
  resolved "https://registry.yarnpkg.com/@types/node/-/node-14.14.37.tgz#a3dd8da4eb84a996c36e331df98d82abd76b516e"
  integrity sha512-XYmBiy+ohOR4Lh5jE379fV2IU+6Jn4g5qASinhitfyO71b/sCo6MKsMLF5tc7Zf2CE8hViVQyYSobJNke8OvUw==

"@vercel/ncc@^0.27.0":
  version "0.27.0"
  resolved "https://registry.yarnpkg.com/@vercel/ncc/-/ncc-0.27.0.tgz#c0cfeebb0bebb56052719efa4a0ecc090a932c76"
  integrity sha512-DllIJQapnU2YwewIhh/4dYesmMQw3h2cFtabECc/zSJHqUbNa0eJuEkRa6DXbZvh1YPWBtYQoPV17NlDpBw1Vw==

agent-base@6:
  version "6.0.2"
  resolved "https://registry.yarnpkg.com/agent-base/-/agent-base-6.0.2.tgz#49fff58577cfee3f37176feab4c22e00f86d7f77"
  integrity sha512-RZNwNclF7+MS/8bDg70amg32dyeZGZxiDuQmZxKLAlQjr3jGyLx+4Kkk58UO7D2QdgFIQCovuSuZESne6RG6XQ==
  dependencies:
    debug "4"

argparse@^2.0.1:
  version "2.0.1"
  resolved "https://registry.yarnpkg.com/argparse/-/argparse-2.0.1.tgz#246f50f3ca78a3240f6c997e8a9bd1eac49e4b38"
  integrity sha512-8+9WqebbFzpX9OR+Wa6O29asIogeRMzcGtAINdpMHHyAg10f05aSFVBbcEqGf/PXw1EjAZ+q2/bEBg3DvurK3Q==

cookie@^0.4.1:
  version "0.4.1"
  resolved "https://registry.yarnpkg.com/cookie/-/cookie-0.4.1.tgz#afd713fe26ebd21ba95ceb61f9a8116e50a537d1"
  integrity sha512-ZwrFkGJxUR3EIoXtO+yVE69Eb7KlixbaeAWfBQB9vVsNn/o+Yw69gBWSSDK825hQNdN+wF8zELf3dFNl/kxkUA==

debug@4:
  version "4.3.1"
  resolved "https://registry.yarnpkg.com/debug/-/debug-4.3.1.tgz#f0d229c505e0c6d8c49ac553d1b13dc183f6b2ee"
  integrity sha512-doEwdvm4PCeK4K3RQN2ZC2BYUBaxwLARCqZmMjtF8a51J2Rb0xpVloFRnCODwqjpwnAoao4pelN8l3RJdv3gRQ==
  dependencies:
    ms "2.1.2"

https-proxy-agent@^5.0.0:
  version "5.0.0"
  resolved "https://registry.yarnpkg.com/https-proxy-agent/-/https-proxy-agent-5.0.0.tgz#e2a90542abb68a762e0a0850f6c9edadfd8506b2"
  integrity sha512-EkYm5BcKUGiduxzSt3Eppko+PiNWNEpa4ySk9vTC6wDsQJW9rHSa+UhGNJoRYp7bz6Ht1eaRIa6QaJqO5rCFbA==
  dependencies:
    agent-base "6"
    debug "4"

js-yaml@^4.0.0:
  version "4.0.0"
  resolved "https://registry.yarnpkg.com/js-yaml/-/js-yaml-4.0.0.tgz#f426bc0ff4b4051926cd588c71113183409a121f"
  integrity sha512-pqon0s+4ScYUvX30wxQi3PogGFAlUyH0awepWvwkj4jD4v+ova3RiYw8bmA6x2rDrEaj8i/oWKoRxpVNW+Re8Q==
  dependencies:
    argparse "^2.0.1"

lru_map@^0.3.3:
  version "0.3.3"
  resolved "https://registry.yarnpkg.com/lru_map/-/lru_map-0.3.3.tgz#b5c8351b9464cbd750335a79650a0ec0e56118dd"
  integrity sha1-tcg1G5Rky9dQM1p5ZQoOwOVhGN0=

ms@2.1.2:
  version "2.1.2"
  resolved "https://registry.yarnpkg.com/ms/-/ms-2.1.2.tgz#d09d1f357b443f493382a8eb3ccd183872ae6009"
  integrity sha512-sGkPx+VjMtmA6MX27oA4FBFELFCZZ4S4XqeGOXCv68tT+jb3vk/RyaKWP0PTKyWtmLSM0b+adUTEvbs1PEaH2w==

nanoid@^3.1.22:
  version "3.1.22"
  resolved "https://registry.yarnpkg.com/nanoid/-/nanoid-3.1.22.tgz#b35f8fb7d151990a8aebd5aa5015c03cf726f844"
  integrity sha512-/2ZUaJX2ANuLtTvqTlgqBQNJoQO398KyJgZloL0PZkC0dpysjncRUPsFe3DUPzz/y3h+u7C46np8RMuvF3jsSQ==

prettier@2.2.1:
  version "2.2.1"
  resolved "https://registry.yarnpkg.com/prettier/-/prettier-2.2.1.tgz#795a1a78dd52f073da0cd42b21f9c91381923ff5"
  integrity sha512-PqyhM2yCjg/oKkFPtTGUojv7gnZAoG80ttl45O6x2Ug/rMJw4wcc9k6aaf2hibP7BGVCCM33gZoGjyvt9mm16Q==

tslib@^1.9.3:
  version "1.14.1"
  resolved "https://registry.yarnpkg.com/tslib/-/tslib-1.14.1.tgz#cf2d38bdc34a134bcaf1091c41f6619e2f672d00"
  integrity sha512-Xni35NKzjgMrwevysHTCArtLDpPvye8zV/0E4EyYn43P7/7qvQwPh9BGkHewbMulVntbigmcT7rdX3BNo9wRJg==

typescript@^4.2.3:
  version "4.2.3"
  resolved "https://registry.yarnpkg.com/typescript/-/typescript-4.2.3.tgz#39062d8019912d43726298f09493d598048c1ce3"
  integrity sha512-qOcYwxaByStAWrBf4x0fibwZvMRG+r4cQoTjbPtUlrWjBHbmCAww1i448U0GJ+3cNNEtebDteo/cHOR3xJ4wEw==
